// !$*UTF8*$!
{
	archiveVersion = 1;
	classes = {
	};
	objectVersion = 55;
	objects = {

/* Begin PBXBuildFile section */
		DA08B12A277BEE65002E49BC /* URLSessionHTTPClientTests.swift in Sources */ = {isa = PBXBuildFile; fileRef = DA08B129277BEE65002E49BC /* URLSessionHTTPClientTests.swift */; };
		DA47FDF627AA0C9500CEC6FD /* LoadFeedFromCacheUseCaseTests.swift in Sources */ = {isa = PBXBuildFile; fileRef = DA47FDF527AA0C9500CEC6FD /* LoadFeedFromCacheUseCaseTests.swift */; };
		DA47FDF927AA0EAA00CEC6FD /* FeedStoreSpy.swift in Sources */ = {isa = PBXBuildFile; fileRef = DA47FDF827AA0EAA00CEC6FD /* FeedStoreSpy.swift */; };
		DA74815927B63B6300CE222E /* FeedStoreSpecs.swift in Sources */ = {isa = PBXBuildFile; fileRef = DA74815827B63B6300CE222E /* FeedStoreSpecs.swift */; };
		DA74815B27B63C5800CE222E /* XCTestCase+FeedStoreSpecs.swift in Sources */ = {isa = PBXBuildFile; fileRef = DA74815A27B63C5800CE222E /* XCTestCase+FeedStoreSpecs.swift */; };
		DA898FCC277083A400674D30 /* EssentialFeed.docc in Sources */ = {isa = PBXBuildFile; fileRef = DA898FCB277083A400674D30 /* EssentialFeed.docc */; };
		DA898FD2277083A400674D30 /* EssentialFeed.framework in Frameworks */ = {isa = PBXBuildFile; fileRef = DA898FC7277083A400674D30 /* EssentialFeed.framework */; };
		DA898FD7277083A400674D30 /* EssentialFeedTests.swift in Sources */ = {isa = PBXBuildFile; fileRef = DA898FD6277083A400674D30 /* EssentialFeedTests.swift */; };
		DA898FD8277083A400674D30 /* EssentialFeed.h in Headers */ = {isa = PBXBuildFile; fileRef = DA898FCA277083A400674D30 /* EssentialFeed.h */; settings = {ATTRIBUTES = (Public, ); }; };
		DA898FE2277083BC00674D30 /* LoadFeedFromRemoteUseCaseTests.swift in Sources */ = {isa = PBXBuildFile; fileRef = DA898FE1277083BC00674D30 /* LoadFeedFromRemoteUseCaseTests.swift */; };
		DA898FE42770845900674D30 /* FeedLoader.swift in Sources */ = {isa = PBXBuildFile; fileRef = DA898FE32770845900674D30 /* FeedLoader.swift */; };
		DA898FE6277084AD00674D30 /* FeedImage.swift in Sources */ = {isa = PBXBuildFile; fileRef = DA898FE5277084AD00674D30 /* FeedImage.swift */; };
		DA898FEA2772BC9600674D30 /* RemoteFeedLoader.swift in Sources */ = {isa = PBXBuildFile; fileRef = DA898FE92772BC9600674D30 /* RemoteFeedLoader.swift */; };
		DA8D0B9427A77BC90078BE64 /* LocalFeedLoader.swift in Sources */ = {isa = PBXBuildFile; fileRef = DA8D0B9327A77BC90078BE64 /* LocalFeedLoader.swift */; };
		DA8D0B9627A77C990078BE64 /* FeedStore.swift in Sources */ = {isa = PBXBuildFile; fileRef = DA8D0B9527A77C990078BE64 /* FeedStore.swift */; };
		DA8D0B9827A7BFBB0078BE64 /* RemoteFeedItem.swift in Sources */ = {isa = PBXBuildFile; fileRef = DA8D0B9727A7BFBB0078BE64 /* RemoteFeedItem.swift */; };
		DA8D0B9A27A7C0240078BE64 /* LocalFeedImage.swift in Sources */ = {isa = PBXBuildFile; fileRef = DA8D0B9927A7C0240078BE64 /* LocalFeedImage.swift */; };
		DAA7467527ABA00100B57176 /* ValidateFeedCacheUseCaseTests.swift in Sources */ = {isa = PBXBuildFile; fileRef = DAA7467427ABA00100B57176 /* ValidateFeedCacheUseCaseTests.swift */; };
		DAA7467727ABA9D700B57176 /* FeedCacheTestHelpers.swift in Sources */ = {isa = PBXBuildFile; fileRef = DAA7467627ABA9D700B57176 /* FeedCacheTestHelpers.swift */; };
		DAA7467A27ABAE2500B57176 /* SharedTestHelpers.swift in Sources */ = {isa = PBXBuildFile; fileRef = DAA7467927ABAE2500B57176 /* SharedTestHelpers.swift */; };
		DAA7467C27ACCECD00B57176 /* FeedCachePolicy.swift in Sources */ = {isa = PBXBuildFile; fileRef = DAA7467B27ACCECD00B57176 /* FeedCachePolicy.swift */; };
		DAA7467E27B0AF5700B57176 /* CodableFeedStoreTests.swift in Sources */ = {isa = PBXBuildFile; fileRef = DAA7467D27B0AF5700B57176 /* CodableFeedStoreTests.swift */; };
		DAC6244D278685C70060C54B /* XCTestCase+MemoryLeakTracking.swift in Sources */ = {isa = PBXBuildFile; fileRef = DAC6244C278685C70060C54B /* XCTestCase+MemoryLeakTracking.swift */; };
		DAC624512786D61F0060C54B /* URLSessionHTTPClient.swift in Sources */ = {isa = PBXBuildFile; fileRef = DAC624502786D61F0060C54B /* URLSessionHTTPClient.swift */; };
		DAC624592787D0830060C54B /* EssentialFeedAPIEndToEndTests.swift in Sources */ = {isa = PBXBuildFile; fileRef = DAC624582787D0830060C54B /* EssentialFeedAPIEndToEndTests.swift */; };
		DAC6245A2787D0830060C54B /* EssentialFeed.framework in Frameworks */ = {isa = PBXBuildFile; fileRef = DA898FC7277083A400674D30 /* EssentialFeed.framework */; };
		DAC624602787DDDA0060C54B /* XCTestCase+MemoryLeakTracking.swift in Sources */ = {isa = PBXBuildFile; fileRef = DAC6244C278685C70060C54B /* XCTestCase+MemoryLeakTracking.swift */; };
		DACA0CE427B3B52200C8CCB6 /* CodableFeedStore.swift in Sources */ = {isa = PBXBuildFile; fileRef = DACA0CE327B3B52200C8CCB6 /* CodableFeedStore.swift */; };
		DAF1C613277465ED0060B65B /* HTTPClient.swift in Sources */ = {isa = PBXBuildFile; fileRef = DAF1C612277465ED0060B65B /* HTTPClient.swift */; };
		DAF1C615277466620060B65B /* FeedItemsMapper.swift in Sources */ = {isa = PBXBuildFile; fileRef = DAF1C614277466620060B65B /* FeedItemsMapper.swift */; };
		DAF62DE327A25B0F00C53848 /* CacheFeedUseCaseTests.swift in Sources */ = {isa = PBXBuildFile; fileRef = DAF62DE227A25B0F00C53848 /* CacheFeedUseCaseTests.swift */; };
/* End PBXBuildFile section */

/* Begin PBXContainerItemProxy section */
		DA898FD3277083A400674D30 /* PBXContainerItemProxy */ = {
			isa = PBXContainerItemProxy;
			containerPortal = DA898FBE277083A400674D30 /* Project object */;
			proxyType = 1;
			remoteGlobalIDString = DA898FC6277083A400674D30;
			remoteInfo = EssentialFeed;
		};
		DAC6245B2787D0830060C54B /* PBXContainerItemProxy */ = {
			isa = PBXContainerItemProxy;
			containerPortal = DA898FBE277083A400674D30 /* Project object */;
			proxyType = 1;
			remoteGlobalIDString = DA898FC6277083A400674D30;
			remoteInfo = EssentialFeed;
		};
/* End PBXContainerItemProxy section */

/* Begin PBXFileReference section */
		DA08B129277BEE65002E49BC /* URLSessionHTTPClientTests.swift */ = {isa = PBXFileReference; lastKnownFileType = sourcecode.swift; path = URLSessionHTTPClientTests.swift; sourceTree = "<group>"; };
		DA47FDF527AA0C9500CEC6FD /* LoadFeedFromCacheUseCaseTests.swift */ = {isa = PBXFileReference; lastKnownFileType = sourcecode.swift; path = LoadFeedFromCacheUseCaseTests.swift; sourceTree = "<group>"; };
		DA47FDF827AA0EAA00CEC6FD /* FeedStoreSpy.swift */ = {isa = PBXFileReference; lastKnownFileType = sourcecode.swift; path = FeedStoreSpy.swift; sourceTree = "<group>"; };
		DA74815827B63B6300CE222E /* FeedStoreSpecs.swift */ = {isa = PBXFileReference; lastKnownFileType = sourcecode.swift; path = FeedStoreSpecs.swift; sourceTree = "<group>"; };
		DA74815A27B63C5800CE222E /* XCTestCase+FeedStoreSpecs.swift */ = {isa = PBXFileReference; lastKnownFileType = sourcecode.swift; path = "XCTestCase+FeedStoreSpecs.swift"; sourceTree = "<group>"; };
		DA898FC7277083A400674D30 /* EssentialFeed.framework */ = {isa = PBXFileReference; explicitFileType = wrapper.framework; includeInIndex = 0; path = EssentialFeed.framework; sourceTree = BUILT_PRODUCTS_DIR; };
		DA898FCA277083A400674D30 /* EssentialFeed.h */ = {isa = PBXFileReference; lastKnownFileType = sourcecode.c.h; path = EssentialFeed.h; sourceTree = "<group>"; };
		DA898FCB277083A400674D30 /* EssentialFeed.docc */ = {isa = PBXFileReference; lastKnownFileType = folder.documentationcatalog; path = EssentialFeed.docc; sourceTree = "<group>"; };
		DA898FD1277083A400674D30 /* EssentialFeedTests.xctest */ = {isa = PBXFileReference; explicitFileType = wrapper.cfbundle; includeInIndex = 0; path = EssentialFeedTests.xctest; sourceTree = BUILT_PRODUCTS_DIR; };
		DA898FD6277083A400674D30 /* EssentialFeedTests.swift */ = {isa = PBXFileReference; lastKnownFileType = sourcecode.swift; path = EssentialFeedTests.swift; sourceTree = "<group>"; };
		DA898FE1277083BC00674D30 /* LoadFeedFromRemoteUseCaseTests.swift */ = {isa = PBXFileReference; lastKnownFileType = sourcecode.swift; path = LoadFeedFromRemoteUseCaseTests.swift; sourceTree = "<group>"; };
		DA898FE32770845900674D30 /* FeedLoader.swift */ = {isa = PBXFileReference; lastKnownFileType = sourcecode.swift; path = FeedLoader.swift; sourceTree = "<group>"; };
		DA898FE5277084AD00674D30 /* FeedImage.swift */ = {isa = PBXFileReference; lastKnownFileType = sourcecode.swift; path = FeedImage.swift; sourceTree = "<group>"; };
		DA898FE92772BC9600674D30 /* RemoteFeedLoader.swift */ = {isa = PBXFileReference; lastKnownFileType = sourcecode.swift; path = RemoteFeedLoader.swift; sourceTree = "<group>"; };
		DA8D0B9327A77BC90078BE64 /* LocalFeedLoader.swift */ = {isa = PBXFileReference; lastKnownFileType = sourcecode.swift; path = LocalFeedLoader.swift; sourceTree = "<group>"; };
		DA8D0B9527A77C990078BE64 /* FeedStore.swift */ = {isa = PBXFileReference; lastKnownFileType = sourcecode.swift; path = FeedStore.swift; sourceTree = "<group>"; };
		DA8D0B9727A7BFBB0078BE64 /* RemoteFeedItem.swift */ = {isa = PBXFileReference; lastKnownFileType = sourcecode.swift; path = RemoteFeedItem.swift; sourceTree = "<group>"; };
		DA8D0B9927A7C0240078BE64 /* LocalFeedImage.swift */ = {isa = PBXFileReference; lastKnownFileType = sourcecode.swift; path = LocalFeedImage.swift; sourceTree = "<group>"; };
		DAA7467427ABA00100B57176 /* ValidateFeedCacheUseCaseTests.swift */ = {isa = PBXFileReference; lastKnownFileType = sourcecode.swift; path = ValidateFeedCacheUseCaseTests.swift; sourceTree = "<group>"; };
		DAA7467627ABA9D700B57176 /* FeedCacheTestHelpers.swift */ = {isa = PBXFileReference; lastKnownFileType = sourcecode.swift; path = FeedCacheTestHelpers.swift; sourceTree = "<group>"; };
		DAA7467927ABAE2500B57176 /* SharedTestHelpers.swift */ = {isa = PBXFileReference; lastKnownFileType = sourcecode.swift; path = SharedTestHelpers.swift; sourceTree = "<group>"; };
		DAA7467B27ACCECD00B57176 /* FeedCachePolicy.swift */ = {isa = PBXFileReference; lastKnownFileType = sourcecode.swift; path = FeedCachePolicy.swift; sourceTree = "<group>"; };
		DAA7467D27B0AF5700B57176 /* CodableFeedStoreTests.swift */ = {isa = PBXFileReference; lastKnownFileType = sourcecode.swift; path = CodableFeedStoreTests.swift; sourceTree = "<group>"; };
		DAC6244C278685C70060C54B /* XCTestCase+MemoryLeakTracking.swift */ = {isa = PBXFileReference; lastKnownFileType = sourcecode.swift; path = "XCTestCase+MemoryLeakTracking.swift"; sourceTree = "<group>"; };
		DAC624502786D61F0060C54B /* URLSessionHTTPClient.swift */ = {isa = PBXFileReference; lastKnownFileType = sourcecode.swift; path = URLSessionHTTPClient.swift; sourceTree = "<group>"; };
		DAC624562787D0830060C54B /* EssentialFeedAPIEndToEndTests.xctest */ = {isa = PBXFileReference; explicitFileType = wrapper.cfbundle; includeInIndex = 0; path = EssentialFeedAPIEndToEndTests.xctest; sourceTree = BUILT_PRODUCTS_DIR; };
		DAC624582787D0830060C54B /* EssentialFeedAPIEndToEndTests.swift */ = {isa = PBXFileReference; lastKnownFileType = sourcecode.swift; path = EssentialFeedAPIEndToEndTests.swift; sourceTree = "<group>"; };
		DACA0CE327B3B52200C8CCB6 /* CodableFeedStore.swift */ = {isa = PBXFileReference; lastKnownFileType = sourcecode.swift; path = CodableFeedStore.swift; sourceTree = "<group>"; };
		DAF1C612277465ED0060B65B /* HTTPClient.swift */ = {isa = PBXFileReference; lastKnownFileType = sourcecode.swift; path = HTTPClient.swift; sourceTree = "<group>"; };
		DAF1C614277466620060B65B /* FeedItemsMapper.swift */ = {isa = PBXFileReference; lastKnownFileType = sourcecode.swift; path = FeedItemsMapper.swift; sourceTree = "<group>"; };
		DAF62DE227A25B0F00C53848 /* CacheFeedUseCaseTests.swift */ = {isa = PBXFileReference; lastKnownFileType = sourcecode.swift; path = CacheFeedUseCaseTests.swift; sourceTree = "<group>"; };
/* End PBXFileReference section */

/* Begin PBXFrameworksBuildPhase section */
		DA898FC4277083A400674D30 /* Frameworks */ = {
			isa = PBXFrameworksBuildPhase;
			buildActionMask = 2147483647;
			files = (
			);
			runOnlyForDeploymentPostprocessing = 0;
		};
		DA898FCE277083A400674D30 /* Frameworks */ = {
			isa = PBXFrameworksBuildPhase;
			buildActionMask = 2147483647;
			files = (
				DA898FD2277083A400674D30 /* EssentialFeed.framework in Frameworks */,
			);
			runOnlyForDeploymentPostprocessing = 0;
		};
		DAC624532787D0830060C54B /* Frameworks */ = {
			isa = PBXFrameworksBuildPhase;
			buildActionMask = 2147483647;
			files = (
				DAC6245A2787D0830060C54B /* EssentialFeed.framework in Frameworks */,
			);
			runOnlyForDeploymentPostprocessing = 0;
		};
/* End PBXFrameworksBuildPhase section */

/* Begin PBXGroup section */
		DA08B1282778208B002E49BC /* FeedAPI */ = {
			isa = PBXGroup;
			children = (
				DA898FE1277083BC00674D30 /* LoadFeedFromRemoteUseCaseTests.swift */,
				DA08B129277BEE65002E49BC /* URLSessionHTTPClientTests.swift */,
			);
			path = FeedAPI;
			sourceTree = "<group>";
		};
		DA47FDF727AA0E8F00CEC6FD /* Helpers */ = {
			isa = PBXGroup;
			children = (
				DA47FDF827AA0EAA00CEC6FD /* FeedStoreSpy.swift */,
				DAA7467627ABA9D700B57176 /* FeedCacheTestHelpers.swift */,
				DA74815A27B63C5800CE222E /* XCTestCase+FeedStoreSpecs.swift */,
			);
			path = Helpers;
			sourceTree = "<group>";
		};
		DA898FBD277083A400674D30 = {
			isa = PBXGroup;
			children = (
				DA898FC9277083A400674D30 /* EssentialFeed */,
				DA898FD5277083A400674D30 /* EssentialFeedTests */,
				DAC624572787D0830060C54B /* EssentialFeedAPIEndToEndTests */,
				DA898FC8277083A400674D30 /* Products */,
			);
			sourceTree = "<group>";
		};
		DA898FC8277083A400674D30 /* Products */ = {
			isa = PBXGroup;
			children = (
				DA898FC7277083A400674D30 /* EssentialFeed.framework */,
				DA898FD1277083A400674D30 /* EssentialFeedTests.xctest */,
				DAC624562787D0830060C54B /* EssentialFeedAPIEndToEndTests.xctest */,
			);
			name = Products;
			sourceTree = "<group>";
		};
		DA898FC9277083A400674D30 /* EssentialFeed */ = {
			isa = PBXGroup;
			children = (
				DA8D0B9227A77BAC0078BE64 /* Feed Cache */,
				DA898FE72772BC5F00674D30 /* FeedAPI */,
				DA898FE82772BC6C00674D30 /* FeedFeature */,
				DA898FCA277083A400674D30 /* EssentialFeed.h */,
				DA898FCB277083A400674D30 /* EssentialFeed.docc */,
			);
			path = EssentialFeed;
			sourceTree = "<group>";
		};
		DA898FD5277083A400674D30 /* EssentialFeedTests */ = {
			isa = PBXGroup;
			children = (
				DAC6244B2786856C0060C54B /* Helpers */,
				DAF62DE127A25ACD00C53848 /* Feed Cache */,
				DA08B1282778208B002E49BC /* FeedAPI */,
				DA898FD6277083A400674D30 /* EssentialFeedTests.swift */,
			);
			path = EssentialFeedTests;
			sourceTree = "<group>";
		};
		DA898FE72772BC5F00674D30 /* FeedAPI */ = {
			isa = PBXGroup;
			children = (
				DA898FE92772BC9600674D30 /* RemoteFeedLoader.swift */,
				DAF1C614277466620060B65B /* FeedItemsMapper.swift */,
				DAF1C612277465ED0060B65B /* HTTPClient.swift */,
				DAC624502786D61F0060C54B /* URLSessionHTTPClient.swift */,
				DA8D0B9727A7BFBB0078BE64 /* RemoteFeedItem.swift */,
			);
			path = FeedAPI;
			sourceTree = "<group>";
		};
		DA898FE82772BC6C00674D30 /* FeedFeature */ = {
			isa = PBXGroup;
			children = (
				DA898FE32770845900674D30 /* FeedLoader.swift */,
				DA898FE5277084AD00674D30 /* FeedImage.swift */,
			);
			path = FeedFeature;
			sourceTree = "<group>";
		};
		DA8D0B9227A77BAC0078BE64 /* Feed Cache */ = {
			isa = PBXGroup;
			children = (
				DA8D0B9327A77BC90078BE64 /* LocalFeedLoader.swift */,
				DA8D0B9527A77C990078BE64 /* FeedStore.swift */,
				DA8D0B9927A7C0240078BE64 /* LocalFeedImage.swift */,
				DAA7467B27ACCECD00B57176 /* FeedCachePolicy.swift */,
				DACA0CE327B3B52200C8CCB6 /* CodableFeedStore.swift */,
			);
			path = "Feed Cache";
			sourceTree = "<group>";
		};
		DAC6244B2786856C0060C54B /* Helpers */ = {
			isa = PBXGroup;
			children = (
				DAC6244C278685C70060C54B /* XCTestCase+MemoryLeakTracking.swift */,
				DAA7467927ABAE2500B57176 /* SharedTestHelpers.swift */,
			);
			path = Helpers;
			sourceTree = "<group>";
		};
		DAC624572787D0830060C54B /* EssentialFeedAPIEndToEndTests */ = {
			isa = PBXGroup;
			children = (
				DAC624582787D0830060C54B /* EssentialFeedAPIEndToEndTests.swift */,
			);
			path = EssentialFeedAPIEndToEndTests;
			sourceTree = "<group>";
		};
		DAF62DE127A25ACD00C53848 /* Feed Cache */ = {
			isa = PBXGroup;
			children = (
				DA47FDF727AA0E8F00CEC6FD /* Helpers */,
				DAF62DE227A25B0F00C53848 /* CacheFeedUseCaseTests.swift */,
				DA47FDF527AA0C9500CEC6FD /* LoadFeedFromCacheUseCaseTests.swift */,
				DAA7467427ABA00100B57176 /* ValidateFeedCacheUseCaseTests.swift */,
				DAA7467D27B0AF5700B57176 /* CodableFeedStoreTests.swift */,
				DA74815827B63B6300CE222E /* FeedStoreSpecs.swift */,
			);
			path = "Feed Cache";
			sourceTree = "<group>";
		};
/* End PBXGroup section */

/* Begin PBXHeadersBuildPhase section */
		DA898FC2277083A400674D30 /* Headers */ = {
			isa = PBXHeadersBuildPhase;
			buildActionMask = 2147483647;
			files = (
				DA898FD8277083A400674D30 /* EssentialFeed.h in Headers */,
			);
			runOnlyForDeploymentPostprocessing = 0;
		};
/* End PBXHeadersBuildPhase section */

/* Begin PBXNativeTarget section */
		DA898FC6277083A400674D30 /* EssentialFeed */ = {
			isa = PBXNativeTarget;
			buildConfigurationList = DA898FDB277083A400674D30 /* Build configuration list for PBXNativeTarget "EssentialFeed" */;
			buildPhases = (
				DA898FC2277083A400674D30 /* Headers */,
				DA898FC3277083A400674D30 /* Sources */,
				DA898FC4277083A400674D30 /* Frameworks */,
				DA898FC5277083A400674D30 /* Resources */,
			);
			buildRules = (
			);
			dependencies = (
			);
			name = EssentialFeed;
			productName = EssentialFeed;
			productReference = DA898FC7277083A400674D30 /* EssentialFeed.framework */;
			productType = "com.apple.product-type.framework";
		};
		DA898FD0277083A400674D30 /* EssentialFeedTests */ = {
			isa = PBXNativeTarget;
			buildConfigurationList = DA898FDE277083A400674D30 /* Build configuration list for PBXNativeTarget "EssentialFeedTests" */;
			buildPhases = (
				DA898FCD277083A400674D30 /* Sources */,
				DA898FCE277083A400674D30 /* Frameworks */,
				DA898FCF277083A400674D30 /* Resources */,
			);
			buildRules = (
			);
			dependencies = (
				DA898FD4277083A400674D30 /* PBXTargetDependency */,
			);
			name = EssentialFeedTests;
			productName = EssentialFeedTests;
			productReference = DA898FD1277083A400674D30 /* EssentialFeedTests.xctest */;
			productType = "com.apple.product-type.bundle.unit-test";
		};
		DAC624552787D0830060C54B /* EssentialFeedAPIEndToEndTests */ = {
			isa = PBXNativeTarget;
			buildConfigurationList = DAC6245D2787D0830060C54B /* Build configuration list for PBXNativeTarget "EssentialFeedAPIEndToEndTests" */;
			buildPhases = (
				DAC624522787D0830060C54B /* Sources */,
				DAC624532787D0830060C54B /* Frameworks */,
				DAC624542787D0830060C54B /* Resources */,
			);
			buildRules = (
			);
			dependencies = (
				DAC6245C2787D0830060C54B /* PBXTargetDependency */,
			);
			name = EssentialFeedAPIEndToEndTests;
			productName = EssentialFeedAPIEndToEndTests;
			productReference = DAC624562787D0830060C54B /* EssentialFeedAPIEndToEndTests.xctest */;
			productType = "com.apple.product-type.bundle.unit-test";
		};
/* End PBXNativeTarget section */

/* Begin PBXProject section */
		DA898FBE277083A400674D30 /* Project object */ = {
			isa = PBXProject;
			attributes = {
				BuildIndependentTargetsInParallel = 1;
				LastSwiftUpdateCheck = 1320;
				LastUpgradeCheck = 1320;
				TargetAttributes = {
					DA898FC6277083A400674D30 = {
						CreatedOnToolsVersion = 13.2.1;
					};
					DA898FD0277083A400674D30 = {
						CreatedOnToolsVersion = 13.2.1;
					};
					DAC624552787D0830060C54B = {
						CreatedOnToolsVersion = 13.2.1;
					};
				};
			};
			buildConfigurationList = DA898FC1277083A400674D30 /* Build configuration list for PBXProject "EssentialFeed" */;
			compatibilityVersion = "Xcode 13.0";
			developmentRegion = en;
			hasScannedForEncodings = 0;
			knownRegions = (
				en,
				Base,
			);
			mainGroup = DA898FBD277083A400674D30;
			productRefGroup = DA898FC8277083A400674D30 /* Products */;
			projectDirPath = "";
			projectRoot = "";
			targets = (
				DA898FC6277083A400674D30 /* EssentialFeed */,
				DA898FD0277083A400674D30 /* EssentialFeedTests */,
				DAC624552787D0830060C54B /* EssentialFeedAPIEndToEndTests */,
			);
		};
/* End PBXProject section */

/* Begin PBXResourcesBuildPhase section */
		DA898FC5277083A400674D30 /* Resources */ = {
			isa = PBXResourcesBuildPhase;
			buildActionMask = 2147483647;
			files = (
			);
			runOnlyForDeploymentPostprocessing = 0;
		};
		DA898FCF277083A400674D30 /* Resources */ = {
			isa = PBXResourcesBuildPhase;
			buildActionMask = 2147483647;
			files = (
			);
			runOnlyForDeploymentPostprocessing = 0;
		};
		DAC624542787D0830060C54B /* Resources */ = {
			isa = PBXResourcesBuildPhase;
			buildActionMask = 2147483647;
			files = (
			);
			runOnlyForDeploymentPostprocessing = 0;
		};
/* End PBXResourcesBuildPhase section */

/* Begin PBXSourcesBuildPhase section */
		DA898FC3277083A400674D30 /* Sources */ = {
			isa = PBXSourcesBuildPhase;
			buildActionMask = 2147483647;
			files = (
				DA8D0B9A27A7C0240078BE64 /* LocalFeedImage.swift in Sources */,
				DA8D0B9627A77C990078BE64 /* FeedStore.swift in Sources */,
				DAC624512786D61F0060C54B /* URLSessionHTTPClient.swift in Sources */,
				DA898FEA2772BC9600674D30 /* RemoteFeedLoader.swift in Sources */,
				DAF1C613277465ED0060B65B /* HTTPClient.swift in Sources */,
				DA898FE42770845900674D30 /* FeedLoader.swift in Sources */,
				DAF1C615277466620060B65B /* FeedItemsMapper.swift in Sources */,
				DA8D0B9827A7BFBB0078BE64 /* RemoteFeedItem.swift in Sources */,
				DACA0CE427B3B52200C8CCB6 /* CodableFeedStore.swift in Sources */,
				DAA7467C27ACCECD00B57176 /* FeedCachePolicy.swift in Sources */,
				DA898FCC277083A400674D30 /* EssentialFeed.docc in Sources */,
				DA8D0B9427A77BC90078BE64 /* LocalFeedLoader.swift in Sources */,
				DA898FE6277084AD00674D30 /* FeedImage.swift in Sources */,
			);
			runOnlyForDeploymentPostprocessing = 0;
		};
		DA898FCD277083A400674D30 /* Sources */ = {
			isa = PBXSourcesBuildPhase;
			buildActionMask = 2147483647;
			files = (
				DA74815B27B63C5800CE222E /* XCTestCase+FeedStoreSpecs.swift in Sources */,
				DAA7467E27B0AF5700B57176 /* CodableFeedStoreTests.swift in Sources */,
				DA898FE2277083BC00674D30 /* LoadFeedFromRemoteUseCaseTests.swift in Sources */,
				DAC6244D278685C70060C54B /* XCTestCase+MemoryLeakTracking.swift in Sources */,
				DAA7467A27ABAE2500B57176 /* SharedTestHelpers.swift in Sources */,
				DA08B12A277BEE65002E49BC /* URLSessionHTTPClientTests.swift in Sources */,
				DAF62DE327A25B0F00C53848 /* CacheFeedUseCaseTests.swift in Sources */,
				DAA7467727ABA9D700B57176 /* FeedCacheTestHelpers.swift in Sources */,
				DAA7467527ABA00100B57176 /* ValidateFeedCacheUseCaseTests.swift in Sources */,
				DA47FDF927AA0EAA00CEC6FD /* FeedStoreSpy.swift in Sources */,
				DA47FDF627AA0C9500CEC6FD /* LoadFeedFromCacheUseCaseTests.swift in Sources */,
				DA74815927B63B6300CE222E /* FeedStoreSpecs.swift in Sources */,
				DA898FD7277083A400674D30 /* EssentialFeedTests.swift in Sources */,
			);
			runOnlyForDeploymentPostprocessing = 0;
		};
		DAC624522787D0830060C54B /* Sources */ = {
			isa = PBXSourcesBuildPhase;
			buildActionMask = 2147483647;
			files = (
				DAC624592787D0830060C54B /* EssentialFeedAPIEndToEndTests.swift in Sources */,
				DAC624602787DDDA0060C54B /* XCTestCase+MemoryLeakTracking.swift in Sources */,
			);
			runOnlyForDeploymentPostprocessing = 0;
		};
/* End PBXSourcesBuildPhase section */

/* Begin PBXTargetDependency section */
		DA898FD4277083A400674D30 /* PBXTargetDependency */ = {
			isa = PBXTargetDependency;
			target = DA898FC6277083A400674D30 /* EssentialFeed */;
			targetProxy = DA898FD3277083A400674D30 /* PBXContainerItemProxy */;
		};
		DAC6245C2787D0830060C54B /* PBXTargetDependency */ = {
			isa = PBXTargetDependency;
			target = DA898FC6277083A400674D30 /* EssentialFeed */;
			targetProxy = DAC6245B2787D0830060C54B /* PBXContainerItemProxy */;
		};
/* End PBXTargetDependency section */

/* Begin XCBuildConfiguration section */
		DA898FD9277083A400674D30 /* Debug */ = {
			isa = XCBuildConfiguration;
			buildSettings = {
				ALWAYS_SEARCH_USER_PATHS = NO;
				CLANG_ANALYZER_NONNULL = YES;
				CLANG_ANALYZER_NUMBER_OBJECT_CONVERSION = YES_AGGRESSIVE;
				CLANG_CXX_LANGUAGE_STANDARD = "gnu++17";
				CLANG_CXX_LIBRARY = "libc++";
				CLANG_ENABLE_MODULES = YES;
				CLANG_ENABLE_OBJC_ARC = YES;
				CLANG_ENABLE_OBJC_WEAK = YES;
				CLANG_WARN_BLOCK_CAPTURE_AUTORELEASING = YES;
				CLANG_WARN_BOOL_CONVERSION = YES;
				CLANG_WARN_COMMA = YES;
				CLANG_WARN_CONSTANT_CONVERSION = YES;
				CLANG_WARN_DEPRECATED_OBJC_IMPLEMENTATIONS = YES;
				CLANG_WARN_DIRECT_OBJC_ISA_USAGE = YES_ERROR;
				CLANG_WARN_DOCUMENTATION_COMMENTS = YES;
				CLANG_WARN_EMPTY_BODY = YES;
				CLANG_WARN_ENUM_CONVERSION = YES;
				CLANG_WARN_INFINITE_RECURSION = YES;
				CLANG_WARN_INT_CONVERSION = YES;
				CLANG_WARN_NON_LITERAL_NULL_CONVERSION = YES;
				CLANG_WARN_OBJC_IMPLICIT_RETAIN_SELF = YES;
				CLANG_WARN_OBJC_LITERAL_CONVERSION = YES;
				CLANG_WARN_OBJC_ROOT_CLASS = YES_ERROR;
				CLANG_WARN_QUOTED_INCLUDE_IN_FRAMEWORK_HEADER = YES;
				CLANG_WARN_RANGE_LOOP_ANALYSIS = YES;
				CLANG_WARN_STRICT_PROTOTYPES = YES;
				CLANG_WARN_SUSPICIOUS_MOVE = YES;
				CLANG_WARN_UNGUARDED_AVAILABILITY = YES_AGGRESSIVE;
				CLANG_WARN_UNREACHABLE_CODE = YES;
				CLANG_WARN__DUPLICATE_METHOD_MATCH = YES;
				COPY_PHASE_STRIP = NO;
				CURRENT_PROJECT_VERSION = 1;
				DEBUG_INFORMATION_FORMAT = dwarf;
				ENABLE_STRICT_OBJC_MSGSEND = YES;
				ENABLE_TESTABILITY = YES;
				GCC_C_LANGUAGE_STANDARD = gnu11;
				GCC_DYNAMIC_NO_PIC = NO;
				GCC_NO_COMMON_BLOCKS = YES;
				GCC_OPTIMIZATION_LEVEL = 0;
				GCC_PREPROCESSOR_DEFINITIONS = (
					"DEBUG=1",
					"$(inherited)",
				);
				GCC_WARN_64_TO_32_BIT_CONVERSION = YES;
				GCC_WARN_ABOUT_RETURN_TYPE = YES_ERROR;
				GCC_WARN_UNDECLARED_SELECTOR = YES;
				GCC_WARN_UNINITIALIZED_AUTOS = YES_AGGRESSIVE;
				GCC_WARN_UNUSED_FUNCTION = YES;
				GCC_WARN_UNUSED_VARIABLE = YES;
				MACOSX_DEPLOYMENT_TARGET = 11.6;
				MTL_ENABLE_DEBUG_INFO = INCLUDE_SOURCE;
				MTL_FAST_MATH = YES;
				ONLY_ACTIVE_ARCH = YES;
				SDKROOT = macosx;
				SWIFT_ACTIVE_COMPILATION_CONDITIONS = DEBUG;
				SWIFT_OPTIMIZATION_LEVEL = "-Onone";
				VERSIONING_SYSTEM = "apple-generic";
				VERSION_INFO_PREFIX = "";
			};
			name = Debug;
		};
		DA898FDA277083A400674D30 /* Release */ = {
			isa = XCBuildConfiguration;
			buildSettings = {
				ALWAYS_SEARCH_USER_PATHS = NO;
				CLANG_ANALYZER_NONNULL = YES;
				CLANG_ANALYZER_NUMBER_OBJECT_CONVERSION = YES_AGGRESSIVE;
				CLANG_CXX_LANGUAGE_STANDARD = "gnu++17";
				CLANG_CXX_LIBRARY = "libc++";
				CLANG_ENABLE_MODULES = YES;
				CLANG_ENABLE_OBJC_ARC = YES;
				CLANG_ENABLE_OBJC_WEAK = YES;
				CLANG_WARN_BLOCK_CAPTURE_AUTORELEASING = YES;
				CLANG_WARN_BOOL_CONVERSION = YES;
				CLANG_WARN_COMMA = YES;
				CLANG_WARN_CONSTANT_CONVERSION = YES;
				CLANG_WARN_DEPRECATED_OBJC_IMPLEMENTATIONS = YES;
				CLANG_WARN_DIRECT_OBJC_ISA_USAGE = YES_ERROR;
				CLANG_WARN_DOCUMENTATION_COMMENTS = YES;
				CLANG_WARN_EMPTY_BODY = YES;
				CLANG_WARN_ENUM_CONVERSION = YES;
				CLANG_WARN_INFINITE_RECURSION = YES;
				CLANG_WARN_INT_CONVERSION = YES;
				CLANG_WARN_NON_LITERAL_NULL_CONVERSION = YES;
				CLANG_WARN_OBJC_IMPLICIT_RETAIN_SELF = YES;
				CLANG_WARN_OBJC_LITERAL_CONVERSION = YES;
				CLANG_WARN_OBJC_ROOT_CLASS = YES_ERROR;
				CLANG_WARN_QUOTED_INCLUDE_IN_FRAMEWORK_HEADER = YES;
				CLANG_WARN_RANGE_LOOP_ANALYSIS = YES;
				CLANG_WARN_STRICT_PROTOTYPES = YES;
				CLANG_WARN_SUSPICIOUS_MOVE = YES;
				CLANG_WARN_UNGUARDED_AVAILABILITY = YES_AGGRESSIVE;
				CLANG_WARN_UNREACHABLE_CODE = YES;
				CLANG_WARN__DUPLICATE_METHOD_MATCH = YES;
				COPY_PHASE_STRIP = NO;
				CURRENT_PROJECT_VERSION = 1;
				DEBUG_INFORMATION_FORMAT = "dwarf-with-dsym";
				ENABLE_NS_ASSERTIONS = NO;
				ENABLE_STRICT_OBJC_MSGSEND = YES;
				GCC_C_LANGUAGE_STANDARD = gnu11;
				GCC_NO_COMMON_BLOCKS = YES;
				GCC_WARN_64_TO_32_BIT_CONVERSION = YES;
				GCC_WARN_ABOUT_RETURN_TYPE = YES_ERROR;
				GCC_WARN_UNDECLARED_SELECTOR = YES;
				GCC_WARN_UNINITIALIZED_AUTOS = YES_AGGRESSIVE;
				GCC_WARN_UNUSED_FUNCTION = YES;
				GCC_WARN_UNUSED_VARIABLE = YES;
				MACOSX_DEPLOYMENT_TARGET = 11.6;
				MTL_ENABLE_DEBUG_INFO = NO;
				MTL_FAST_MATH = YES;
				SDKROOT = macosx;
				SWIFT_COMPILATION_MODE = wholemodule;
				SWIFT_OPTIMIZATION_LEVEL = "-O";
				VERSIONING_SYSTEM = "apple-generic";
				VERSION_INFO_PREFIX = "";
			};
			name = Release;
		};
		DA898FDC277083A400674D30 /* Debug */ = {
			isa = XCBuildConfiguration;
			buildSettings = {
				CODE_SIGN_STYLE = Automatic;
				COMBINE_HIDPI_IMAGES = YES;
				CURRENT_PROJECT_VERSION = 1;
				DEFINES_MODULE = YES;
				DEVELOPMENT_TEAM = K5DT8G4M9K;
				DYLIB_COMPATIBILITY_VERSION = 1;
				DYLIB_CURRENT_VERSION = 1;
				DYLIB_INSTALL_NAME_BASE = "@rpath";
				GENERATE_INFOPLIST_FILE = YES;
				INFOPLIST_KEY_NSHumanReadableCopyright = "";
				INSTALL_PATH = "$(LOCAL_LIBRARY_DIR)/Frameworks";
				LD_RUNPATH_SEARCH_PATHS = (
					"$(inherited)",
					"@executable_path/../Frameworks",
					"@loader_path/Frameworks",
				);
				MARKETING_VERSION = 1.0;
				PRODUCT_BUNDLE_IDENTIFIER = ayumi.EssentialFeed;
				PRODUCT_NAME = "$(TARGET_NAME:c99extidentifier)";
				SKIP_INSTALL = YES;
				SWIFT_EMIT_LOC_STRINGS = YES;
				SWIFT_VERSION = 5.0;
			};
			name = Debug;
		};
		DA898FDD277083A400674D30 /* Release */ = {
			isa = XCBuildConfiguration;
			buildSettings = {
				CODE_SIGN_STYLE = Automatic;
				COMBINE_HIDPI_IMAGES = YES;
				CURRENT_PROJECT_VERSION = 1;
				DEFINES_MODULE = YES;
				DEVELOPMENT_TEAM = K5DT8G4M9K;
				DYLIB_COMPATIBILITY_VERSION = 1;
				DYLIB_CURRENT_VERSION = 1;
				DYLIB_INSTALL_NAME_BASE = "@rpath";
				GENERATE_INFOPLIST_FILE = YES;
				INFOPLIST_KEY_NSHumanReadableCopyright = "";
				INSTALL_PATH = "$(LOCAL_LIBRARY_DIR)/Frameworks";
				LD_RUNPATH_SEARCH_PATHS = (
					"$(inherited)",
					"@executable_path/../Frameworks",
					"@loader_path/Frameworks",
				);
				MARKETING_VERSION = 1.0;
				PRODUCT_BUNDLE_IDENTIFIER = ayumi.EssentialFeed;
				PRODUCT_NAME = "$(TARGET_NAME:c99extidentifier)";
				SKIP_INSTALL = YES;
				SWIFT_EMIT_LOC_STRINGS = YES;
				SWIFT_VERSION = 5.0;
			};
			name = Release;
		};
		DA898FDF277083A400674D30 /* Debug */ = {
			isa = XCBuildConfiguration;
			buildSettings = {
				ALWAYS_EMBED_SWIFT_STANDARD_LIBRARIES = YES;
				CODE_SIGN_STYLE = Automatic;
				CURRENT_PROJECT_VERSION = 1;
				DEVELOPMENT_TEAM = K5DT8G4M9K;
				GENERATE_INFOPLIST_FILE = YES;
				MARKETING_VERSION = 1.0;
				PRODUCT_BUNDLE_IDENTIFIER = ayumi.EssentialFeedTests;
				PRODUCT_NAME = "$(TARGET_NAME)";
				SWIFT_EMIT_LOC_STRINGS = NO;
				SWIFT_VERSION = 5.0;
			};
			name = Debug;
		};
		DA898FE0277083A400674D30 /* Release */ = {
			isa = XCBuildConfiguration;
			buildSettings = {
				ALWAYS_EMBED_SWIFT_STANDARD_LIBRARIES = YES;
				CODE_SIGN_STYLE = Automatic;
				CURRENT_PROJECT_VERSION = 1;
				DEVELOPMENT_TEAM = K5DT8G4M9K;
				GENERATE_INFOPLIST_FILE = YES;
				MARKETING_VERSION = 1.0;
				PRODUCT_BUNDLE_IDENTIFIER = ayumi.EssentialFeedTests;
				PRODUCT_NAME = "$(TARGET_NAME)";
				SWIFT_EMIT_LOC_STRINGS = NO;
				SWIFT_VERSION = 5.0;
			};
			name = Release;
		};
		DAC6245E2787D0830060C54B /* Debug */ = {
			isa = XCBuildConfiguration;
			buildSettings = {
				CODE_SIGN_STYLE = Automatic;
				CURRENT_PROJECT_VERSION = 1;
				DEVELOPMENT_TEAM = K5DT8G4M9K;
				GENERATE_INFOPLIST_FILE = YES;
				MARKETING_VERSION = 1.0;
				PRODUCT_BUNDLE_IDENTIFIER = ayumi.EssentialFeedAPIEndToEndTests;
				PRODUCT_NAME = "$(TARGET_NAME)";
				SWIFT_EMIT_LOC_STRINGS = NO;
				SWIFT_VERSION = 5.0;
			};
			name = Debug;
		};
		DAC6245F2787D0830060C54B /* Release */ = {
			isa = XCBuildConfiguration;
			buildSettings = {
				CODE_SIGN_STYLE = Automatic;
				CURRENT_PROJECT_VERSION = 1;
				DEVELOPMENT_TEAM = K5DT8G4M9K;
				GENERATE_INFOPLIST_FILE = YES;
				MARKETING_VERSION = 1.0;
				PRODUCT_BUNDLE_IDENTIFIER = ayumi.EssentialFeedAPIEndToEndTests;
				PRODUCT_NAME = "$(TARGET_NAME)";
				SWIFT_EMIT_LOC_STRINGS = NO;
				SWIFT_VERSION = 5.0;
			};
			name = Release;
		};
/* End XCBuildConfiguration section */

/* Begin XCConfigurationList section */
		DA898FC1277083A400674D30 /* Build configuration list for PBXProject "EssentialFeed" */ = {
			isa = XCConfigurationList;
			buildConfigurations = (
				DA898FD9277083A400674D30 /* Debug */,
				DA898FDA277083A400674D30 /* Release */,
			);
			defaultConfigurationIsVisible = 0;
			defaultConfigurationName = Release;
		};
		DA898FDB277083A400674D30 /* Build configuration list for PBXNativeTarget "EssentialFeed" */ = {
			isa = XCConfigurationList;
			buildConfigurations = (
				DA898FDC277083A400674D30 /* Debug */,
				DA898FDD277083A400674D30 /* Release */,
			);
			defaultConfigurationIsVisible = 0;
			defaultConfigurationName = Release;
		};
		DA898FDE277083A400674D30 /* Build configuration list for PBXNativeTarget "EssentialFeedTests" */ = {
			isa = XCConfigurationList;
			buildConfigurations = (
				DA898FDF277083A400674D30 /* Debug */,
				DA898FE0277083A400674D30 /* Release */,
			);
			defaultConfigurationIsVisible = 0;
			defaultConfigurationName = Release;
		};
		DAC6245D2787D0830060C54B /* Build configuration list for PBXNativeTarget "EssentialFeedAPIEndToEndTests" */ = {
			isa = XCConfigurationList;
			buildConfigurations = (
				DAC6245E2787D0830060C54B /* Debug */,
				DAC6245F2787D0830060C54B /* Release */,
			);
			defaultConfigurationIsVisible = 0;
			defaultConfigurationName = Release;
		};
/* End XCConfigurationList section */
	};
	rootObject = DA898FBE277083A400674D30 /* Project object */;
}
